
Microsoft Visual Studio Solution File, Format Version 12.00
# Visual Studio Version 17
VisualStudioVersion = 17.5.33530.505
MinimumVisualStudioVersion = 10.0.40219.1
Project("{FAE04EC0-301F-11D3-BF4B-00C04F79EFBC}") = "Entidades", "Entidades\Entidades.csproj", "{DDFEC860-5EB8-493A-9685-EC509D3EE65C}"
EndProject
Project("{FAE04EC0-301F-11D3-BF4B-00C04F79EFBC}") = "Datos", "Datos\Datos.csproj", "{65BCBC7A-BF7F-4B58-BD17-62D2D8BB31E3}"
EndProject
Project("{FAE04EC0-301F-11D3-BF4B-00C04F79EFBC}") = "Presentacion", "Presentacion\Presentacion.csproj", "{789C0468-87DA-471B-B39E-0A5D4B9EBCBA}"
EndProject
Global
	GlobalSection(SolutionConfigurationPlatforms) = preSolution
		Debug|Any CPU = Debug|Any CPU
		Release|Any CPU = Release|Any CPU
	EndGlobalSection
	GlobalSection(ProjectConfigurationPlatforms) = postSolution
		{DDFEC860-5EB8-493A-9685-EC509D3EE65C}.Debug|Any CPU.ActiveCfg = Debug|Any CPU
		{DDFEC860-5EB8-493A-9685-EC509D3EE65C}.Debug|Any CPU.Build.0 = Debug|Any CPU
		{DDFEC860-5EB8-493A-9685-EC509D3EE65C}.Release|Any CPU.ActiveCfg = Release|Any CPU
		{DDFEC860-5EB8-493A-9685-EC509D3EE65C}.Release|Any CPU.Build.0 = Release|Any CPU
		{65BCBC7A-BF7F-4B58-BD17-62D2D8BB31E3}.Debug|Any CPU.ActiveCfg = Debug|Any CPU
		{65BCBC7A-BF7F-4B58-BD17-62D2D8BB31E3}.Debug|Any CPU.Build.0 = Debug|Any CPU
		{65BCBC7A-BF7F-4B58-BD17-62D2D8BB31E3}.Release|Any CPU.ActiveCfg = Release|Any CPU
		{65BCBC7A-BF7F-4B58-BD17-62D2D8BB31E3}.Release|Any CPU.Build.0 = Release|Any CPU
		{789C0468-87DA-471B-B39E-0A5D4B9EBCBA}.Debug|Any CPU.ActiveCfg = Debug|Any CPU
		{789C0468-87DA-471B-B39E-0A5D4B9EBCBA}.Debug|Any CPU.Build.0 = Debug|Any CPU
		{789C0468-87DA-471B-B39E-0A5D4B9EBCBA}.Release|Any CPU.ActiveCfg = Release|Any CPU
		{789C0468-87DA-471B-B39E-0A5D4B9EBCBA}.Release|Any CPU.Build.0 = Release|Any CPU
	EndGlobalSection
	GlobalSection(SolutionProperties) = preSolution
		HideSolutionNode = FALSE
	EndGlobalSection
	GlobalSection(ExtensibilityGlobals) = postSolution
		SolutionGuid = {7E1F2772-6D99-4959-9979-EA4F184C5543}
	EndGlobalSection
EndGlobal
